Microsoft Visual Studio Solution File, Format Version 12.00
# Visual Studio Version 17
VisualStudioVersion = 17.3.32929.385
MinimumVisualStudioVersion = 10.0.40219.1
Project("{9A19103F-16F7-4668-BE54-9A1E7A4F7556}") = "WeaponMastery", "WeaponMastery\WeaponMastery.csproj", "{1033E74F-9795-40C7-9F85-F8209D18AE2D}"
EndProject
Global
	GlobalSection(SolutionConfigurationPlatforms) = preSolution
		Debug|Any CPU = Debug|Any CPU
		Release|Any CPU = Release|Any CPU
	EndGlobalSection
	GlobalSection(ProjectConfigurationPlatforms) = postSolution
		{1033E74F-9795-40C7-9F85-F8209D18AE2D}.Debug|Any CPU.ActiveCfg = Debug|Any CPU
		{1033E74F-9795-40C7-9F85-F8209D18AE2D}.Debug|Any CPU.Build.0 = Debug|Any CPU
		{1033E74F-9795-40C7-9F85-F8209D18AE2D}.Release|Any CPU.ActiveCfg = Release|Any CPU
		{1033E74F-9795-40C7-9F85-F8209D18AE2D}.Release|Any CPU.Build.0 = Release|Any CPU
	EndGlobalSection
	GlobalSection(SolutionProperties) = preSolution
		HideSolutionNode = FALSE
	EndGlobalSection
	GlobalSection(ExtensibilityGlobals) = postSolution
		SolutionGuid = {3a798c3f-b164-4927-b80c-cea33157632a}
	EndGlobalSection
EndGlobal
